
Microsoft Visual Studio Solution File, Format Version 12.00
# Visual Studio Version 16
VisualStudioVersion = 16.0.34114.132
MinimumVisualStudioVersion = 10.0.40219.1
Project("{FAE04EC0-301F-11D3-BF4B-00C04F79EFBC}") = "ex1", "ex1\ex1.csproj", "{9290BE05-7ADD-4A2F-BC9B-649F428DEA7B}"
EndProject
Global
	GlobalSection(SolutionConfigurationPlatforms) = preSolution
		Debug|Any CPU = Debug|Any CPU
		Release|Any CPU = Release|Any CPU
	EndGlobalSection
	GlobalSection(ProjectConfigurationPlatforms) = postSolution
		{9290BE05-7ADD-4A2F-BC9B-649F428DEA7B}.Debug|Any CPU.ActiveCfg = Debug|Any CPU
		{9290BE05-7ADD-4A2F-BC9B-649F428DEA7B}.Debug|Any CPU.Build.0 = Debug|Any CPU
		{9290BE05-7ADD-4A2F-BC9B-649F428DEA7B}.Release|Any CPU.ActiveCfg = Release|Any CPU
		{9290BE05-7ADD-4A2F-BC9B-649F428DEA7B}.Release|Any CPU.Build.0 = Release|Any CPU
	EndGlobalSection
	GlobalSection(SolutionProperties) = preSolution
		HideSolutionNode = FALSE
	EndGlobalSection
	GlobalSection(ExtensibilityGlobals) = postSolution
		SolutionGuid = {5A17DC72-729E-46E1-BB6E-38FA13735EA0}
	EndGlobalSection
EndGlobal
